// !$*UTF8*$!
{
	archiveVersion = 1;
	classes = {
	};
	objectVersion = 55;
	objects = {

/* Begin PBXBuildFile section */
		AC3C78A228B2BCCF007876E5 /* AppDelegate.swift in Sources */ = {isa = PBXBuildFile; fileRef = AC3C78A128B2BCCF007876E5 /* AppDelegate.swift */; };
		AC3C78A428B2BCCF007876E5 /* SceneDelegate.swift in Sources */ = {isa = PBXBuildFile; fileRef = AC3C78A328B2BCCF007876E5 /* SceneDelegate.swift */; };
		AC3C78A628B2BCCF007876E5 /* ViewController.swift in Sources */ = {isa = PBXBuildFile; fileRef = AC3C78A528B2BCCF007876E5 /* ViewController.swift */; };
		AC3C78A928B2BCCF007876E5 /* Main.storyboard in Resources */ = {isa = PBXBuildFile; fileRef = AC3C78A728B2BCCF007876E5 /* Main.storyboard */; };
		AC3C78AC28B2BCCF007876E5 /* wantEat.xcdatamodeld in Sources */ = {isa = PBXBuildFile; fileRef = AC3C78AA28B2BCCF007876E5 /* wantEat.xcdatamodeld */; };
		AC3C78AE28B2BCD1007876E5 /* Assets.xcassets in Resources */ = {isa = PBXBuildFile; fileRef = AC3C78AD28B2BCD1007876E5 /* Assets.xcassets */; };
		AC3C78B128B2BCD1007876E5 /* LaunchScreen.storyboard in Resources */ = {isa = PBXBuildFile; fileRef = AC3C78AF28B2BCD1007876E5 /* LaunchScreen.storyboard */; };
		AC3C78BC28B2BCD1007876E5 /* wantEatTests.swift in Sources */ = {isa = PBXBuildFile; fileRef = AC3C78BB28B2BCD1007876E5 /* wantEatTests.swift */; };
		AC3C78C628B2BCD1007876E5 /* wantEatUITests.swift in Sources */ = {isa = PBXBuildFile; fileRef = AC3C78C528B2BCD1007876E5 /* wantEatUITests.swift */; };
		AC3C78C828B2BCD1007876E5 /* wantEatUITestsLaunchTests.swift in Sources */ = {isa = PBXBuildFile; fileRef = AC3C78C728B2BCD1007876E5 /* wantEatUITestsLaunchTests.swift */; };
		AC3C78D528B2C192007876E5 /* PlacesTableViewController.swift in Sources */ = {isa = PBXBuildFile; fileRef = AC3C78D428B2C192007876E5 /* PlacesTableViewController.swift */; };
		AC3C78D728B2C29B007876E5 /* PlacesFinderViewController.swift in Sources */ = {isa = PBXBuildFile; fileRef = AC3C78D628B2C29B007876E5 /* PlacesFinderViewController.swift */; };
		AC3C78D928B31B96007876E5 /* MapViewController.swift in Sources */ = {isa = PBXBuildFile; fileRef = AC3C78D828B31B96007876E5 /* MapViewController.swift */; };
		ACB39B6728B4851C00B9D8E0 /* Place.swift in Sources */ = {isa = PBXBuildFile; fileRef = ACB39B6628B4851C00B9D8E0 /* Place.swift */; };
/* End PBXBuildFile section */

/* Begin PBXContainerItemProxy section */
		AC3C78B828B2BCD1007876E5 /* PBXContainerItemProxy */ = {
			isa = PBXContainerItemProxy;
			containerPortal = AC3C789628B2BCCF007876E5 /* Project object */;
			proxyType = 1;
			remoteGlobalIDString = AC3C789D28B2BCCF007876E5;
			remoteInfo = wantEat;
		};
		AC3C78C228B2BCD1007876E5 /* PBXContainerItemProxy */ = {
			isa = PBXContainerItemProxy;
			containerPortal = AC3C789628B2BCCF007876E5 /* Project object */;
			proxyType = 1;
			remoteGlobalIDString = AC3C789D28B2BCCF007876E5;
			remoteInfo = wantEat;
		};
/* End PBXContainerItemProxy section */

/* Begin PBXFileReference section */
		AC3C789E28B2BCCF007876E5 /* wantEat.app */ = {isa = PBXFileReference; explicitFileType = wrapper.application; includeInIndex = 0; path = wantEat.app; sourceTree = BUILT_PRODUCTS_DIR; };
		AC3C78A128B2BCCF007876E5 /* AppDelegate.swift */ = {isa = PBXFileReference; lastKnownFileType = sourcecode.swift; path = AppDelegate.swift; sourceTree = "<group>"; };
		AC3C78A328B2BCCF007876E5 /* SceneDelegate.swift */ = {isa = PBXFileReference; lastKnownFileType = sourcecode.swift; path = SceneDelegate.swift; sourceTree = "<group>"; };
		AC3C78A528B2BCCF007876E5 /* ViewController.swift */ = {isa = PBXFileReference; lastKnownFileType = sourcecode.swift; path = ViewController.swift; sourceTree = "<group>"; };
		AC3C78A828B2BCCF007876E5 /* Base */ = {isa = PBXFileReference; lastKnownFileType = file.storyboard; name = Base; path = Base.lproj/Main.storyboard; sourceTree = "<group>"; };
		AC3C78AB28B2BCCF007876E5 /* wantEat.xcdatamodel */ = {isa = PBXFileReference; lastKnownFileType = wrapper.xcdatamodel; path = wantEat.xcdatamodel; sourceTree = "<group>"; };
		AC3C78AD28B2BCD1007876E5 /* Assets.xcassets */ = {isa = PBXFileReference; lastKnownFileType = folder.assetcatalog; path = Assets.xcassets; sourceTree = "<group>"; };
		AC3C78B028B2BCD1007876E5 /* Base */ = {isa = PBXFileReference; lastKnownFileType = file.storyboard; name = Base; path = Base.lproj/LaunchScreen.storyboard; sourceTree = "<group>"; };
		AC3C78B228B2BCD1007876E5 /* Info.plist */ = {isa = PBXFileReference; lastKnownFileType = text.plist.xml; path = Info.plist; sourceTree = "<group>"; };
		AC3C78B728B2BCD1007876E5 /* wantEatTests.xctest */ = {isa = PBXFileReference; explicitFileType = wrapper.cfbundle; includeInIndex = 0; path = wantEatTests.xctest; sourceTree = BUILT_PRODUCTS_DIR; };
		AC3C78BB28B2BCD1007876E5 /* wantEatTests.swift */ = {isa = PBXFileReference; lastKnownFileType = sourcecode.swift; path = wantEatTests.swift; sourceTree = "<group>"; };
		AC3C78C128B2BCD1007876E5 /* wantEatUITests.xctest */ = {isa = PBXFileReference; explicitFileType = wrapper.cfbundle; includeInIndex = 0; path = wantEatUITests.xctest; sourceTree = BUILT_PRODUCTS_DIR; };
		AC3C78C528B2BCD1007876E5 /* wantEatUITests.swift */ = {isa = PBXFileReference; lastKnownFileType = sourcecode.swift; path = wantEatUITests.swift; sourceTree = "<group>"; };
		AC3C78C728B2BCD1007876E5 /* wantEatUITestsLaunchTests.swift */ = {isa = PBXFileReference; lastKnownFileType = sourcecode.swift; path = wantEatUITestsLaunchTests.swift; sourceTree = "<group>"; };
		AC3C78D428B2C192007876E5 /* PlacesTableViewController.swift */ = {isa = PBXFileReference; lastKnownFileType = sourcecode.swift; path = PlacesTableViewController.swift; sourceTree = "<group>"; };
		AC3C78D628B2C29B007876E5 /* PlacesFinderViewController.swift */ = {isa = PBXFileReference; lastKnownFileType = sourcecode.swift; path = PlacesFinderViewController.swift; sourceTree = "<group>"; };
		AC3C78D828B31B96007876E5 /* MapViewController.swift */ = {isa = PBXFileReference; lastKnownFileType = sourcecode.swift; path = MapViewController.swift; sourceTree = "<group>"; };
		ACB39B6628B4851C00B9D8E0 /* Place.swift */ = {isa = PBXFileReference; lastKnownFileType = sourcecode.swift; path = Place.swift; sourceTree = "<group>"; };
/* End PBXFileReference section */

/* Begin PBXFrameworksBuildPhase section */
		AC3C789B28B2BCCF007876E5 /* Frameworks */ = {
			isa = PBXFrameworksBuildPhase;
			buildActionMask = 2147483647;
			files = (
			);
			runOnlyForDeploymentPostprocessing = 0;
		};
		AC3C78B428B2BCD1007876E5 /* Frameworks */ = {
			isa = PBXFrameworksBuildPhase;
			buildActionMask = 2147483647;
			files = (
			);
			runOnlyForDeploymentPostprocessing = 0;
		};
		AC3C78BE28B2BCD1007876E5 /* Frameworks */ = {
			isa = PBXFrameworksBuildPhase;
			buildActionMask = 2147483647;
			files = (
			);
			runOnlyForDeploymentPostprocessing = 0;
		};
/* End PBXFrameworksBuildPhase section */

/* Begin PBXGroup section */
		AC3C789528B2BCCF007876E5 = {
			isa = PBXGroup;
			children = (
				AC3C78A028B2BCCF007876E5 /* wantEat */,
				AC3C78BA28B2BCD1007876E5 /* wantEatTests */,
				AC3C78C428B2BCD1007876E5 /* wantEatUITests */,
				AC3C789F28B2BCCF007876E5 /* Products */,
			);
			sourceTree = "<group>";
		};
		AC3C789F28B2BCCF007876E5 /* Products */ = {
			isa = PBXGroup;
			children = (
				AC3C789E28B2BCCF007876E5 /* wantEat.app */,
				AC3C78B728B2BCD1007876E5 /* wantEatTests.xctest */,
				AC3C78C128B2BCD1007876E5 /* wantEatUITests.xctest */,
			);
			name = Products;
			sourceTree = "<group>";
		};
		AC3C78A028B2BCCF007876E5 /* wantEat */ = {
			isa = PBXGroup;
			children = (
				AC3C78DC28B31BB0007876E5 /* Controller */,
				AC3C78DB28B31BAB007876E5 /* Model */,
				AC3C78DA28B31BA4007876E5 /* View */,
				AC3C78A128B2BCCF007876E5 /* AppDelegate.swift */,
				AC3C78A328B2BCCF007876E5 /* SceneDelegate.swift */,
				AC3C78A728B2BCCF007876E5 /* Main.storyboard */,
				AC3C78AD28B2BCD1007876E5 /* Assets.xcassets */,
				AC3C78AF28B2BCD1007876E5 /* LaunchScreen.storyboard */,
				AC3C78B228B2BCD1007876E5 /* Info.plist */,
				AC3C78AA28B2BCCF007876E5 /* wantEat.xcdatamodeld */,
			);
			path = wantEat;
			sourceTree = "<group>";
		};
		AC3C78BA28B2BCD1007876E5 /* wantEatTests */ = {
			isa = PBXGroup;
			children = (
				AC3C78BB28B2BCD1007876E5 /* wantEatTests.swift */,
			);
			path = wantEatTests;
			sourceTree = "<group>";
		};
		AC3C78C428B2BCD1007876E5 /* wantEatUITests */ = {
			isa = PBXGroup;
			children = (
				AC3C78C528B2BCD1007876E5 /* wantEatUITests.swift */,
				AC3C78C728B2BCD1007876E5 /* wantEatUITestsLaunchTests.swift */,
			);
			path = wantEatUITests;
			sourceTree = "<group>";
		};
		AC3C78DA28B31BA4007876E5 /* View */ = {
			isa = PBXGroup;
			children = (
			);
			path = View;
			sourceTree = "<group>";
		};
		AC3C78DB28B31BAB007876E5 /* Model */ = {
			isa = PBXGroup;
			children = (
				ACB39B6628B4851C00B9D8E0 /* Place.swift */,
			);
			path = Model;
			sourceTree = "<group>";
		};
		AC3C78DC28B31BB0007876E5 /* Controller */ = {
			isa = PBXGroup;
			children = (
				AC3C78A528B2BCCF007876E5 /* ViewController.swift */,
				AC3C78D628B2C29B007876E5 /* PlacesFinderViewController.swift */,
				AC3C78D428B2C192007876E5 /* PlacesTableViewController.swift */,
				AC3C78D828B31B96007876E5 /* MapViewController.swift */,
			);
			path = Controller;
			sourceTree = "<group>";
		};
/* End PBXGroup section */

/* Begin PBXNativeTarget section */
		AC3C789D28B2BCCF007876E5 /* wantEat */ = {
			isa = PBXNativeTarget;
			buildConfigurationList = AC3C78CB28B2BCD1007876E5 /* Build configuration list for PBXNativeTarget "wantEat" */;
			buildPhases = (
				AC3C789A28B2BCCF007876E5 /* Sources */,
				AC3C789B28B2BCCF007876E5 /* Frameworks */,
				AC3C789C28B2BCCF007876E5 /* Resources */,
			);
			buildRules = (
			);
			dependencies = (
			);
			name = wantEat;
			productName = wantEat;
			productReference = AC3C789E28B2BCCF007876E5 /* wantEat.app */;
			productType = "com.apple.product-type.application";
		};
		AC3C78B628B2BCD1007876E5 /* wantEatTests */ = {
			isa = PBXNativeTarget;
			buildConfigurationList = AC3C78CE28B2BCD1007876E5 /* Build configuration list for PBXNativeTarget "wantEatTests" */;
			buildPhases = (
				AC3C78B328B2BCD1007876E5 /* Sources */,
				AC3C78B428B2BCD1007876E5 /* Frameworks */,
				AC3C78B528B2BCD1007876E5 /* Resources */,
			);
			buildRules = (
			);
			dependencies = (
				AC3C78B928B2BCD1007876E5 /* PBXTargetDependency */,
			);
			name = wantEatTests;
			productName = wantEatTests;
			productReference = AC3C78B728B2BCD1007876E5 /* wantEatTests.xctest */;
			productType = "com.apple.product-type.bundle.unit-test";
		};
		AC3C78C028B2BCD1007876E5 /* wantEatUITests */ = {
			isa = PBXNativeTarget;
			buildConfigurationList = AC3C78D128B2BCD1007876E5 /* Build configuration list for PBXNativeTarget "wantEatUITests" */;
			buildPhases = (
				AC3C78BD28B2BCD1007876E5 /* Sources */,
				AC3C78BE28B2BCD1007876E5 /* Frameworks */,
				AC3C78BF28B2BCD1007876E5 /* Resources */,
			);
			buildRules = (
			);
			dependencies = (
				AC3C78C328B2BCD1007876E5 /* PBXTargetDependency */,
			);
			name = wantEatUITests;
			productName = wantEatUITests;
			productReference = AC3C78C128B2BCD1007876E5 /* wantEatUITests.xctest */;
			productType = "com.apple.product-type.bundle.ui-testing";
		};
/* End PBXNativeTarget section */

/* Begin PBXProject section */
		AC3C789628B2BCCF007876E5 /* Project object */ = {
			isa = PBXProject;
			attributes = {
				BuildIndependentTargetsInParallel = 1;
				LastSwiftUpdateCheck = 1310;
				LastUpgradeCheck = 1310;
				TargetAttributes = {
					AC3C789D28B2BCCF007876E5 = {
						CreatedOnToolsVersion = 13.1;
					};
					AC3C78B628B2BCD1007876E5 = {
						CreatedOnToolsVersion = 13.1;
						TestTargetID = AC3C789D28B2BCCF007876E5;
					};
					AC3C78C028B2BCD1007876E5 = {
						CreatedOnToolsVersion = 13.1;
						TestTargetID = AC3C789D28B2BCCF007876E5;
					};
				};
			};
			buildConfigurationList = AC3C789928B2BCCF007876E5 /* Build configuration list for PBXProject "wantEat" */;
			compatibilityVersion = "Xcode 13.0";
			developmentRegion = en;
			hasScannedForEncodings = 0;
			knownRegions = (
				en,
				Base,
			);
			mainGroup = AC3C789528B2BCCF007876E5;
			productRefGroup = AC3C789F28B2BCCF007876E5 /* Products */;
			projectDirPath = "";
			projectRoot = "";
			targets = (
				AC3C789D28B2BCCF007876E5 /* wantEat */,
				AC3C78B628B2BCD1007876E5 /* wantEatTests */,
				AC3C78C028B2BCD1007876E5 /* wantEatUITests */,
			);
		};
/* End PBXProject section */

/* Begin PBXResourcesBuildPhase section */
		AC3C789C28B2BCCF007876E5 /* Resources */ = {
			isa = PBXResourcesBuildPhase;
			buildActionMask = 2147483647;
			files = (
				AC3C78B128B2BCD1007876E5 /* LaunchScreen.storyboard in Resources */,
				AC3C78AE28B2BCD1007876E5 /* Assets.xcassets in Resources */,
				AC3C78A928B2BCCF007876E5 /* Main.storyboard in Resources */,
			);
			runOnlyForDeploymentPostprocessing = 0;
		};
		AC3C78B528B2BCD1007876E5 /* Resources */ = {
			isa = PBXResourcesBuildPhase;
			buildActionMask = 2147483647;
			files = (
			);
			runOnlyForDeploymentPostprocessing = 0;
		};
		AC3C78BF28B2BCD1007876E5 /* Resources */ = {
			isa = PBXResourcesBuildPhase;
			buildActionMask = 2147483647;
			files = (
			);
			runOnlyForDeploymentPostprocessing = 0;
		};
/* End PBXResourcesBuildPhase section */

/* Begin PBXSourcesBuildPhase section */
		AC3C789A28B2BCCF007876E5 /* Sources */ = {
			isa = PBXSourcesBuildPhase;
			buildActionMask = 2147483647;
			files = (
				AC3C78AC28B2BCCF007876E5 /* wantEat.xcdatamodeld in Sources */,
				AC3C78A628B2BCCF007876E5 /* ViewController.swift in Sources */,
				AC3C78A228B2BCCF007876E5 /* AppDelegate.swift in Sources */,
				ACB39B6728B4851C00B9D8E0 /* Place.swift in Sources */,
				AC3C78A428B2BCCF007876E5 /* SceneDelegate.swift in Sources */,
				AC3C78D728B2C29B007876E5 /* PlacesFinderViewController.swift in Sources */,
				AC3C78D528B2C192007876E5 /* PlacesTableViewController.swift in Sources */,
				AC3C78D928B31B96007876E5 /* MapViewController.swift in Sources */,
			);
			runOnlyForDeploymentPostprocessing = 0;
		};
		AC3C78B328B2BCD1007876E5 /* Sources */ = {
			isa = PBXSourcesBuildPhase;
			buildActionMask = 2147483647;
			files = (
				AC3C78BC28B2BCD1007876E5 /* wantEatTests.swift in Sources */,
			);
			runOnlyForDeploymentPostprocessing = 0;
		};
		AC3C78BD28B2BCD1007876E5 /* Sources */ = {
			isa = PBXSourcesBuildPhase;
			buildActionMask = 2147483647;
			files = (
				AC3C78C628B2BCD1007876E5 /* wantEatUITests.swift in Sources */,
				AC3C78C828B2BCD1007876E5 /* wantEatUITestsLaunchTests.swift in Sources */,
			);
			runOnlyForDeploymentPostprocessing = 0;
		};
/* End PBXSourcesBuildPhase section */

/* Begin PBXTargetDependency section */
		AC3C78B928B2BCD1007876E5 /* PBXTargetDependency */ = {
			isa = PBXTargetDependency;
			target = AC3C789D28B2BCCF007876E5 /* wantEat */;
			targetProxy = AC3C78B828B2BCD1007876E5 /* PBXContainerItemProxy */;
		};
		AC3C78C328B2BCD1007876E5 /* PBXTargetDependency */ = {
			isa = PBXTargetDependency;
			target = AC3C789D28B2BCCF007876E5 /* wantEat */;
			targetProxy = AC3C78C228B2BCD1007876E5 /* PBXContainerItemProxy */;
		};
/* End PBXTargetDependency section */

/* Begin PBXVariantGroup section */
		AC3C78A728B2BCCF007876E5 /* Main.storyboard */ = {
			isa = PBXVariantGroup;
			children = (
				AC3C78A828B2BCCF007876E5 /* Base */,
			);
			name = Main.storyboard;
			sourceTree = "<group>";
		};
		AC3C78AF28B2BCD1007876E5 /* LaunchScreen.storyboard */ = {
			isa = PBXVariantGroup;
			children = (
				AC3C78B028B2BCD1007876E5 /* Base */,
			);
			name = LaunchScreen.storyboard;
			sourceTree = "<group>";
		};
/* End PBXVariantGroup section */

/* Begin XCBuildConfiguration section */
		AC3C78C928B2BCD1007876E5 /* Debug */ = {
			isa = XCBuildConfiguration;
			buildSettings = {
				ALWAYS_SEARCH_USER_PATHS = NO;
				CLANG_ANALYZER_NONNULL = YES;
				CLANG_ANALYZER_NUMBER_OBJECT_CONVERSION = YES_AGGRESSIVE;
				CLANG_CXX_LANGUAGE_STANDARD = "gnu++17";
				CLANG_CXX_LIBRARY = "libc++";
				CLANG_ENABLE_MODULES = YES;
				CLANG_ENABLE_OBJC_ARC = YES;
				CLANG_ENABLE_OBJC_WEAK = YES;
				CLANG_WARN_BLOCK_CAPTURE_AUTORELEASING = YES;
				CLANG_WARN_BOOL_CONVERSION = YES;
				CLANG_WARN_COMMA = YES;
				CLANG_WARN_CONSTANT_CONVERSION = YES;
				CLANG_WARN_DEPRECATED_OBJC_IMPLEMENTATIONS = YES;
				CLANG_WARN_DIRECT_OBJC_ISA_USAGE = YES_ERROR;
				CLANG_WARN_DOCUMENTATION_COMMENTS = YES;
				CLANG_WARN_EMPTY_BODY = YES;
				CLANG_WARN_ENUM_CONVERSION = YES;
				CLANG_WARN_INFINITE_RECURSION = YES;
				CLANG_WARN_INT_CONVERSION = YES;
				CLANG_WARN_NON_LITERAL_NULL_CONVERSION = YES;
				CLANG_WARN_OBJC_IMPLICIT_RETAIN_SELF = YES;
				CLANG_WARN_OBJC_LITERAL_CONVERSION = YES;
				CLANG_WARN_OBJC_ROOT_CLASS = YES_ERROR;
				CLANG_WARN_QUOTED_INCLUDE_IN_FRAMEWORK_HEADER = YES;
				CLANG_WARN_RANGE_LOOP_ANALYSIS = YES;
				CLANG_WARN_STRICT_PROTOTYPES = YES;
				CLANG_WARN_SUSPICIOUS_MOVE = YES;
				CLANG_WARN_UNGUARDED_AVAILABILITY = YES_AGGRESSIVE;
				CLANG_WARN_UNREACHABLE_CODE = YES;
				CLANG_WARN__DUPLICATE_METHOD_MATCH = YES;
				COPY_PHASE_STRIP = NO;
				DEBUG_INFORMATION_FORMAT = dwarf;
				ENABLE_STRICT_OBJC_MSGSEND = YES;
				ENABLE_TESTABILITY = YES;
				GCC_C_LANGUAGE_STANDARD = gnu11;
				GCC_DYNAMIC_NO_PIC = NO;
				GCC_NO_COMMON_BLOCKS = YES;
				GCC_OPTIMIZATION_LEVEL = 0;
				GCC_PREPROCESSOR_DEFINITIONS = (
					"DEBUG=1",
					"$(inherited)",
				);
				GCC_WARN_64_TO_32_BIT_CONVERSION = YES;
				GCC_WARN_ABOUT_RETURN_TYPE = YES_ERROR;
				GCC_WARN_UNDECLARED_SELECTOR = YES;
				GCC_WARN_UNINITIALIZED_AUTOS = YES_AGGRESSIVE;
				GCC_WARN_UNUSED_FUNCTION = YES;
				GCC_WARN_UNUSED_VARIABLE = YES;
				IPHONEOS_DEPLOYMENT_TARGET = 15.0;
				MTL_ENABLE_DEBUG_INFO = INCLUDE_SOURCE;
				MTL_FAST_MATH = YES;
				ONLY_ACTIVE_ARCH = YES;
				SDKROOT = iphoneos;
				SWIFT_ACTIVE_COMPILATION_CONDITIONS = DEBUG;
				SWIFT_OPTIMIZATION_LEVEL = "-Onone";
			};
			name = Debug;
		};
		AC3C78CA28B2BCD1007876E5 /* Release */ = {
			isa = XCBuildConfiguration;
			buildSettings = {
				ALWAYS_SEARCH_USER_PATHS = NO;
				CLANG_ANALYZER_NONNULL = YES;
				CLANG_ANALYZER_NUMBER_OBJECT_CONVERSION = YES_AGGRESSIVE;
				CLANG_CXX_LANGUAGE_STANDARD = "gnu++17";
				CLANG_CXX_LIBRARY = "libc++";
				CLANG_ENABLE_MODULES = YES;
				CLANG_ENABLE_OBJC_ARC = YES;
				CLANG_ENABLE_OBJC_WEAK = YES;
				CLANG_WARN_BLOCK_CAPTURE_AUTORELEASING = YES;
				CLANG_WARN_BOOL_CONVERSION = YES;
				CLANG_WARN_COMMA = YES;
				CLANG_WARN_CONSTANT_CONVERSION = YES;
				CLANG_WARN_DEPRECATED_OBJC_IMPLEMENTATIONS = YES;
				CLANG_WARN_DIRECT_OBJC_ISA_USAGE = YES_ERROR;
				CLANG_WARN_DOCUMENTATION_COMMENTS = YES;
				CLANG_WARN_EMPTY_BODY = YES;
				CLANG_WARN_ENUM_CONVERSION = YES;
				CLANG_WARN_INFINITE_RECURSION = YES;
				CLANG_WARN_INT_CONVERSION = YES;
				CLANG_WARN_NON_LITERAL_NULL_CONVERSION = YES;
				CLANG_WARN_OBJC_IMPLICIT_RETAIN_SELF = YES;
				CLANG_WARN_OBJC_LITERAL_CONVERSION = YES;
				CLANG_WARN_OBJC_ROOT_CLASS = YES_ERROR;
				CLANG_WARN_QUOTED_INCLUDE_IN_FRAMEWORK_HEADER = YES;
				CLANG_WARN_RANGE_LOOP_ANALYSIS = YES;
				CLANG_WARN_STRICT_PROTOTYPES = YES;
				CLANG_WARN_SUSPICIOUS_MOVE = YES;
				CLANG_WARN_UNGUARDED_AVAILABILITY = YES_AGGRESSIVE;
				CLANG_WARN_UNREACHABLE_CODE = YES;
				CLANG_WARN__DUPLICATE_METHOD_MATCH = YES;
				COPY_PHASE_STRIP = NO;
				DEBUG_INFORMATION_FORMAT = "dwarf-with-dsym";
				ENABLE_NS_ASSERTIONS = NO;
				ENABLE_STRICT_OBJC_MSGSEND = YES;
				GCC_C_LANGUAGE_STANDARD = gnu11;
				GCC_NO_COMMON_BLOCKS = YES;
				GCC_WARN_64_TO_32_BIT_CONVERSION = YES;
				GCC_WARN_ABOUT_RETURN_TYPE = YES_ERROR;
				GCC_WARN_UNDECLARED_SELECTOR = YES;
				GCC_WARN_UNINITIALIZED_AUTOS = YES_AGGRESSIVE;
				GCC_WARN_UNUSED_FUNCTION = YES;
				GCC_WARN_UNUSED_VARIABLE = YES;
				IPHONEOS_DEPLOYMENT_TARGET = 15.0;
				MTL_ENABLE_DEBUG_INFO = NO;
				MTL_FAST_MATH = YES;
				SDKROOT = iphoneos;
				SWIFT_COMPILATION_MODE = wholemodule;
				SWIFT_OPTIMIZATION_LEVEL = "-O";
				VALIDATE_PRODUCT = YES;
			};
			name = Release;
		};
		AC3C78CC28B2BCD1007876E5 /* Debug */ = {
			isa = XCBuildConfiguration;
			buildSettings = {
				ASSETCATALOG_COMPILER_APPICON_NAME = AppIcon;
				ASSETCATALOG_COMPILER_GLOBAL_ACCENT_COLOR_NAME = AccentColor;
				CODE_SIGN_STYLE = Automatic;
				CURRENT_PROJECT_VERSION = 1;
				GENERATE_INFOPLIST_FILE = YES;
				INFOPLIST_FILE = wantEat/Info.plist;
				INFOPLIST_KEY_UIApplicationSupportsIndirectInputEvents = YES;
				INFOPLIST_KEY_UILaunchStoryboardName = LaunchScreen;
				INFOPLIST_KEY_UIMainStoryboardFile = Main;
				INFOPLIST_KEY_UISupportedInterfaceOrientations = UIInterfaceOrientationPortrait;
				INFOPLIST_KEY_UISupportedInterfaceOrientations_iPad = "UIInterfaceOrientationPortrait UIInterfaceOrientationPortraitUpsideDown UIInterfaceOrientationLandscapeLeft UIInterfaceOrientationLandscapeRight";
				INFOPLIST_KEY_UISupportedInterfaceOrientations_iPhone = "UIInterfaceOrientationPortrait UIInterfaceOrientationLandscapeLeft UIInterfaceOrientationLandscapeRight";
				LD_RUNPATH_SEARCH_PATHS = (
					"$(inherited)",
					"@executable_path/Frameworks",
				);
				MARKETING_VERSION = 1.0;
				PRODUCT_BUNDLE_IDENTIFIER = marcioabrantes.com.wantEat;
				PRODUCT_NAME = "$(TARGET_NAME)";
				SWIFT_EMIT_LOC_STRINGS = YES;
				SWIFT_VERSION = 5.0;
				TARGETED_DEVICE_FAMILY = 1;
			};
			name = Debug;
		};
		AC3C78CD28B2BCD1007876E5 /* Release */ = {
			isa = XCBuildConfiguration;
			buildSettings = {
				ASSETCATALOG_COMPILER_APPICON_NAME = AppIcon;
				ASSETCATALOG_COMPILER_GLOBAL_ACCENT_COLOR_NAME = AccentColor;
				CODE_SIGN_STYLE = Automatic;
				CURRENT_PROJECT_VERSION = 1;
				GENERATE_INFOPLIST_FILE = YES;
				INFOPLIST_FILE = wantEat/Info.plist;
				INFOPLIST_KEY_UIApplicationSupportsIndirectInputEvents = YES;
				INFOPLIST_KEY_UILaunchStoryboardName = LaunchScreen;
				INFOPLIST_KEY_UIMainStoryboardFile = Main;
				INFOPLIST_KEY_UISupportedInterfaceOrientations = UIInterfaceOrientationPortrait;
				INFOPLIST_KEY_UISupportedInterfaceOrientations_iPad = "UIInterfaceOrientationPortrait UIInterfaceOrientationPortraitUpsideDown UIInterfaceOrientationLandscapeLeft UIInterfaceOrientationLandscapeRight";
				INFOPLIST_KEY_UISupportedInterfaceOrientations_iPhone = "UIInterfaceOrientationPortrait UIInterfaceOrientationLandscapeLeft UIInterfaceOrientationLandscapeRight";
				LD_RUNPATH_SEARCH_PATHS = (
					"$(inherited)",
					"@executable_path/Frameworks",
				);
				MARKETING_VERSION = 1.0;
				PRODUCT_BUNDLE_IDENTIFIER = marcioabrantes.com.wantEat;
				PRODUCT_NAME = "$(TARGET_NAME)";
				SWIFT_EMIT_LOC_STRINGS = YES;
				SWIFT_VERSION = 5.0;
				TARGETED_DEVICE_FAMILY = 1;
			};
			name = Release;
		};
		AC3C78CF28B2BCD1007876E5 /* Debug */ = {
			isa = XCBuildConfiguration;
			buildSettings = {
				ALWAYS_EMBED_SWIFT_STANDARD_LIBRARIES = YES;
				BUNDLE_LOADER = "$(TEST_HOST)";
				CODE_SIGN_STYLE = Automatic;
				CURRENT_PROJECT_VERSION = 1;
				GENERATE_INFOPLIST_FILE = YES;
				IPHONEOS_DEPLOYMENT_TARGET = 15.0;
				LD_RUNPATH_SEARCH_PATHS = (
					"$(inherited)",
					"@executable_path/Frameworks",
					"@loader_path/Frameworks",
				);
				MARKETING_VERSION = 1.0;
				PRODUCT_BUNDLE_IDENTIFIER = marcioabrantes.com.wantEatTests;
				PRODUCT_NAME = "$(TARGET_NAME)";
				SWIFT_EMIT_LOC_STRINGS = NO;
				SWIFT_VERSION = 5.0;
				TARGETED_DEVICE_FAMILY = "1,2";
				TEST_HOST = "$(BUILT_PRODUCTS_DIR)/wantEat.app/wantEat";
			};
			name = Debug;
		};
		AC3C78D028B2BCD1007876E5 /* Release */ = {
			isa = XCBuildConfiguration;
			buildSettings = {
				ALWAYS_EMBED_SWIFT_STANDARD_LIBRARIES = YES;
				BUNDLE_LOADER = "$(TEST_HOST)";
				CODE_SIGN_STYLE = Automatic;
				CURRENT_PROJECT_VERSION = 1;
				GENERATE_INFOPLIST_FILE = YES;
				IPHONEOS_DEPLOYMENT_TARGET = 15.0;
				LD_RUNPATH_SEARCH_PATHS = (
					"$(inherited)",
					"@executable_path/Frameworks",
					"@loader_path/Frameworks",
				);
				MARKETING_VERSION = 1.0;
				PRODUCT_BUNDLE_IDENTIFIER = marcioabrantes.com.wantEatTests;
				PRODUCT_NAME = "$(TARGET_NAME)";
				SWIFT_EMIT_LOC_STRINGS = NO;
				SWIFT_VERSION = 5.0;
				TARGETED_DEVICE_FAMILY = "1,2";
				TEST_HOST = "$(BUILT_PRODUCTS_DIR)/wantEat.app/wantEat";
			};
			name = Release;
		};
		AC3C78D228B2BCD1007876E5 /* Debug */ = {
			isa = XCBuildConfiguration;
			buildSettings = {
				ALWAYS_EMBED_SWIFT_STANDARD_LIBRARIES = YES;
				CODE_SIGN_STYLE = Automatic;
				CURRENT_PROJECT_VERSION = 1;
				GENERATE_INFOPLIST_FILE = YES;
				LD_RUNPATH_SEARCH_PATHS = (
					"$(inherited)",
					"@executable_path/Frameworks",
					"@loader_path/Frameworks",
				);
				MARKETING_VERSION = 1.0;
				PRODUCT_BUNDLE_IDENTIFIER = marcioabrantes.com.wantEatUITests;
				PRODUCT_NAME = "$(TARGET_NAME)";
				SWIFT_EMIT_LOC_STRINGS = NO;
				SWIFT_VERSION = 5.0;
				TARGETED_DEVICE_FAMILY = "1,2";
				TEST_TARGET_NAME = wantEat;
			};
			name = Debug;
		};
		AC3C78D328B2BCD1007876E5 /* Release */ = {
			isa = XCBuildConfiguration;
			buildSettings = {
				ALWAYS_EMBED_SWIFT_STANDARD_LIBRARIES = YES;
				CODE_SIGN_STYLE = Automatic;
				CURRENT_PROJECT_VERSION = 1;
				GENERATE_INFOPLIST_FILE = YES;
				LD_RUNPATH_SEARCH_PATHS = (
					"$(inherited)",
					"@executable_path/Frameworks",
					"@loader_path/Frameworks",
				);
				MARKETING_VERSION = 1.0;
				PRODUCT_BUNDLE_IDENTIFIER = marcioabrantes.com.wantEatUITests;
				PRODUCT_NAME = "$(TARGET_NAME)";
				SWIFT_EMIT_LOC_STRINGS = NO;
				SWIFT_VERSION = 5.0;
				TARGETED_DEVICE_FAMILY = "1,2";
				TEST_TARGET_NAME = wantEat;
			};
			name = Release;
		};
/* End XCBuildConfiguration section */

/* Begin XCConfigurationList section */
		AC3C789928B2BCCF007876E5 /* Build configuration list for PBXProject "wantEat" */ = {
			isa = XCConfigurationList;
			buildConfigurations = (
				AC3C78C928B2BCD1007876E5 /* Debug */,
				AC3C78CA28B2BCD1007876E5 /* Release */,
			);
			defaultConfigurationIsVisible = 0;
			defaultConfigurationName = Release;
		};
		AC3C78CB28B2BCD1007876E5 /* Build configuration list for PBXNativeTarget "wantEat" */ = {
			isa = XCConfigurationList;
			buildConfigurations = (
				AC3C78CC28B2BCD1007876E5 /* Debug */,
				AC3C78CD28B2BCD1007876E5 /* Release */,
			);
			defaultConfigurationIsVisible = 0;
			defaultConfigurationName = Release;
		};
		AC3C78CE28B2BCD1007876E5 /* Build configuration list for PBXNativeTarget "wantEatTests" */ = {
			isa = XCConfigurationList;
			buildConfigurations = (
				AC3C78CF28B2BCD1007876E5 /* Debug */,
				AC3C78D028B2BCD1007876E5 /* Release */,
			);
			defaultConfigurationIsVisible = 0;
			defaultConfigurationName = Release;
		};
		AC3C78D128B2BCD1007876E5 /* Build configuration list for PBXNativeTarget "wantEatUITests" */ = {
			isa = XCConfigurationList;
			buildConfigurations = (
				AC3C78D228B2BCD1007876E5 /* Debug */,
				AC3C78D328B2BCD1007876E5 /* Release */,
			);
			defaultConfigurationIsVisible = 0;
			defaultConfigurationName = Release;
		};
/* End XCConfigurationList section */

/* Begin XCVersionGroup section */
		AC3C78AA28B2BCCF007876E5 /* wantEat.xcdatamodeld */ = {
			isa = XCVersionGroup;
			children = (
				AC3C78AB28B2BCCF007876E5 /* wantEat.xcdatamodel */,
			);
			currentVersion = AC3C78AB28B2BCCF007876E5 /* wantEat.xcdatamodel */;
			path = wantEat.xcdatamodeld;
			sourceTree = "<group>";
			versionGroupType = wrapper.xcdatamodel;
		};
/* End XCVersionGroup section */
	};
	rootObject = AC3C789628B2BCCF007876E5 /* Project object */;
}
